
Microsoft Visual Studio Solution File, Format Version 12.00
# Visual Studio Version 17
VisualStudioVersion = 17.10.35122.118
MinimumVisualStudioVersion = 10.0.40219.1
Project("{FAE04EC0-301F-11D3-BF4B-00C04F79EFBC}") = "DPPConsumidor", "DPPConsumidor\DPPConsumidor.csproj", "{63E2DBAD-DEB4-4382-8A01-2C8F4BB4C65C}"
EndProject
Global
	GlobalSection(SolutionConfigurationPlatforms) = preSolution
		Debug|Any CPU = Debug|Any CPU
		Release|Any CPU = Release|Any CPU
	EndGlobalSection
	GlobalSection(ProjectConfigurationPlatforms) = postSolution
		{63E2DBAD-DEB4-4382-8A01-2C8F4BB4C65C}.Debug|Any CPU.ActiveCfg = Debug|Any CPU
		{63E2DBAD-DEB4-4382-8A01-2C8F4BB4C65C}.Debug|Any CPU.Build.0 = Debug|Any CPU
		{63E2DBAD-DEB4-4382-8A01-2C8F4BB4C65C}.Release|Any CPU.ActiveCfg = Release|Any CPU
		{63E2DBAD-DEB4-4382-8A01-2C8F4BB4C65C}.Release|Any CPU.Build.0 = Release|Any CPU
	EndGlobalSection
	GlobalSection(SolutionProperties) = preSolution
		HideSolutionNode = FALSE
	EndGlobalSection
	GlobalSection(ExtensibilityGlobals) = postSolution
		SolutionGuid = {5F92DF37-AB3A-4C5E-B58F-92B78E0C4C73}
	EndGlobalSection
EndGlobal
